// !$*UTF8*$!
{
	archiveVersion = 1;
	classes = {
	};
	objectVersion = 55;
	objects = {

/* Begin PBXBuildFile section */
		AF0755EE27A7F6F9003303A6 /* LoginViewController.swift in Sources */ = {isa = PBXBuildFile; fileRef = AF0755ED27A7F6F9003303A6 /* LoginViewController.swift */; };
		AF0755F027A80377003303A6 /* CustomButton.swift in Sources */ = {isa = PBXBuildFile; fileRef = AF0755EF27A80377003303A6 /* CustomButton.swift */; };
		AF0755F227A806D3003303A6 /* CustomLabel.swift in Sources */ = {isa = PBXBuildFile; fileRef = AF0755F127A806D3003303A6 /* CustomLabel.swift */; };
		AF0755F427A80DE5003303A6 /* CustomTextfield.swift in Sources */ = {isa = PBXBuildFile; fileRef = AF0755F327A80DE5003303A6 /* CustomTextfield.swift */; };
		AF1DBC2F27AA630800F5C727 /* HomeTableViewController.swift in Sources */ = {isa = PBXBuildFile; fileRef = AF1DBC2E27AA630800F5C727 /* HomeTableViewController.swift */; };
		AF1DBC3127AA637300F5C727 /* CategoryTableViewController.swift in Sources */ = {isa = PBXBuildFile; fileRef = AF1DBC3027AA637300F5C727 /* CategoryTableViewController.swift */; };
		AF1DBC3327AA63E000F5C727 /* FavouriteTableViewController.swift in Sources */ = {isa = PBXBuildFile; fileRef = AF1DBC3227AA63E000F5C727 /* FavouriteTableViewController.swift */; };
		AF1DBC3527AA640D00F5C727 /* ProfileViewController.swift in Sources */ = {isa = PBXBuildFile; fileRef = AF1DBC3427AA640D00F5C727 /* ProfileViewController.swift */; };
		AF1DBC3E27AAB2EC00F5C727 /* TabBarMenu.storyboard in Resources */ = {isa = PBXBuildFile; fileRef = AF1DBC3D27AAB2EC00F5C727 /* TabBarMenu.storyboard */; };
		AF6A55C227A45AD000AC3269 /* AppDelegate.swift in Sources */ = {isa = PBXBuildFile; fileRef = AF6A55C127A45AD000AC3269 /* AppDelegate.swift */; };
		AF6A55C427A45AD000AC3269 /* SceneDelegate.swift in Sources */ = {isa = PBXBuildFile; fileRef = AF6A55C327A45AD000AC3269 /* SceneDelegate.swift */; };
		AF6A55C927A45AD000AC3269 /* Main.storyboard in Resources */ = {isa = PBXBuildFile; fileRef = AF6A55C727A45AD000AC3269 /* Main.storyboard */; };
		AF6A55CB27A45AD500AC3269 /* Assets.xcassets in Resources */ = {isa = PBXBuildFile; fileRef = AF6A55CA27A45AD500AC3269 /* Assets.xcassets */; };
		AF6A55CE27A45AD500AC3269 /* LaunchScreen.storyboard in Resources */ = {isa = PBXBuildFile; fileRef = AF6A55CC27A45AD500AC3269 /* LaunchScreen.storyboard */; };
		AFAD73B527AACF9E0007A41A /* Home.storyboard in Resources */ = {isa = PBXBuildFile; fileRef = AFAD73B427AACF9E0007A41A /* Home.storyboard */; };
		AFAD73B727AACFC80007A41A /* Categories.storyboard in Resources */ = {isa = PBXBuildFile; fileRef = AFAD73B627AACFC80007A41A /* Categories.storyboard */; };
		AFAD73B927AACFF80007A41A /* Favourites.storyboard in Resources */ = {isa = PBXBuildFile; fileRef = AFAD73B827AACFF80007A41A /* Favourites.storyboard */; };
		AFAD73BB27AAD02E0007A41A /* Profile.storyboard in Resources */ = {isa = PBXBuildFile; fileRef = AFAD73BA27AAD02E0007A41A /* Profile.storyboard */; };
		AFAD9BBB27E9F1F100545DFB /* ReceipeCell.swift in Sources */ = {isa = PBXBuildFile; fileRef = AFAD9BBA27E9F1F100545DFB /* ReceipeCell.swift */; };
		AFAD9BBF27EB3D2600545DFB /* ReceipeCell.xib in Resources */ = {isa = PBXBuildFile; fileRef = AFAD9BBE27EB3D2600545DFB /* ReceipeCell.xib */; };
		AFAD9BC127EC53A500545DFB /* ShadowBoxView.swift in Sources */ = {isa = PBXBuildFile; fileRef = AFAD9BC027EC53A500545DFB /* ShadowBoxView.swift */; };
		AFAF8E9027A6A42B00D104DF /* CustomColors.swift in Sources */ = {isa = PBXBuildFile; fileRef = AFAF8E8F27A6A42B00D104DF /* CustomColors.swift */; };
		AFAF8E9327A6AB5700D104DF /* LoginSignupViewController.swift in Sources */ = {isa = PBXBuildFile; fileRef = AFAF8E9227A6AB5700D104DF /* LoginSignupViewController.swift */; };
		AFB8C6CA27A90B04005757CC /* SignUpViewController.swift in Sources */ = {isa = PBXBuildFile; fileRef = AFB8C6C927A90B04005757CC /* SignUpViewController.swift */; };
		C65F0DD7B12450F04FA55DB8 /* libPods-Recipe-App.a in Frameworks */ = {isa = PBXBuildFile; fileRef = EC08071E62159ADBA2903456 /* libPods-Recipe-App.a */; };
/* End PBXBuildFile section */

/* Begin PBXFileReference section */
		53338E7FDAAAFF9412E836E3 /* Pods-Recipe-App.release.xcconfig */ = {isa = PBXFileReference; includeInIndex = 1; lastKnownFileType = text.xcconfig; name = "Pods-Recipe-App.release.xcconfig"; path = "Target Support Files/Pods-Recipe-App/Pods-Recipe-App.release.xcconfig"; sourceTree = "<group>"; };
		6F7FD1FF620CD6D771183E83 /* Pods-Recipe-App.debug.xcconfig */ = {isa = PBXFileReference; includeInIndex = 1; lastKnownFileType = text.xcconfig; name = "Pods-Recipe-App.debug.xcconfig"; path = "Target Support Files/Pods-Recipe-App/Pods-Recipe-App.debug.xcconfig"; sourceTree = "<group>"; };
		AF0755ED27A7F6F9003303A6 /* LoginViewController.swift */ = {isa = PBXFileReference; lastKnownFileType = sourcecode.swift; path = LoginViewController.swift; sourceTree = "<group>"; };
		AF0755EF27A80377003303A6 /* CustomButton.swift */ = {isa = PBXFileReference; lastKnownFileType = sourcecode.swift; path = CustomButton.swift; sourceTree = "<group>"; };
		AF0755F127A806D3003303A6 /* CustomLabel.swift */ = {isa = PBXFileReference; lastKnownFileType = sourcecode.swift; path = CustomLabel.swift; sourceTree = "<group>"; };
		AF0755F327A80DE5003303A6 /* CustomTextfield.swift */ = {isa = PBXFileReference; lastKnownFileType = sourcecode.swift; path = CustomTextfield.swift; sourceTree = "<group>"; };
		AF1DBC2E27AA630800F5C727 /* HomeTableViewController.swift */ = {isa = PBXFileReference; lastKnownFileType = sourcecode.swift; path = HomeTableViewController.swift; sourceTree = "<group>"; };
		AF1DBC3027AA637300F5C727 /* CategoryTableViewController.swift */ = {isa = PBXFileReference; lastKnownFileType = sourcecode.swift; path = CategoryTableViewController.swift; sourceTree = "<group>"; };
		AF1DBC3227AA63E000F5C727 /* FavouriteTableViewController.swift */ = {isa = PBXFileReference; lastKnownFileType = sourcecode.swift; path = FavouriteTableViewController.swift; sourceTree = "<group>"; };
		AF1DBC3427AA640D00F5C727 /* ProfileViewController.swift */ = {isa = PBXFileReference; lastKnownFileType = sourcecode.swift; path = ProfileViewController.swift; sourceTree = "<group>"; };
		AF1DBC3D27AAB2EC00F5C727 /* TabBarMenu.storyboard */ = {isa = PBXFileReference; lastKnownFileType = file.storyboard; path = TabBarMenu.storyboard; sourceTree = "<group>"; };
		AF6A55BE27A45AD000AC3269 /* Recipe-App.app */ = {isa = PBXFileReference; explicitFileType = wrapper.application; includeInIndex = 0; path = "Recipe-App.app"; sourceTree = BUILT_PRODUCTS_DIR; };
		AF6A55C127A45AD000AC3269 /* AppDelegate.swift */ = {isa = PBXFileReference; lastKnownFileType = sourcecode.swift; path = AppDelegate.swift; sourceTree = "<group>"; };
		AF6A55C327A45AD000AC3269 /* SceneDelegate.swift */ = {isa = PBXFileReference; lastKnownFileType = sourcecode.swift; path = SceneDelegate.swift; sourceTree = "<group>"; };
		AF6A55C827A45AD000AC3269 /* Base */ = {isa = PBXFileReference; lastKnownFileType = file.storyboard; name = Base; path = Base.lproj/Main.storyboard; sourceTree = "<group>"; };
		AF6A55CA27A45AD500AC3269 /* Assets.xcassets */ = {isa = PBXFileReference; lastKnownFileType = folder.assetcatalog; path = Assets.xcassets; sourceTree = "<group>"; };
		AF6A55CD27A45AD500AC3269 /* Base */ = {isa = PBXFileReference; lastKnownFileType = file.storyboard; name = Base; path = Base.lproj/LaunchScreen.storyboard; sourceTree = "<group>"; };
		AF6A55CF27A45AD500AC3269 /* Info.plist */ = {isa = PBXFileReference; lastKnownFileType = text.plist.xml; path = Info.plist; sourceTree = "<group>"; };
		AFAD73B427AACF9E0007A41A /* Home.storyboard */ = {isa = PBXFileReference; fileEncoding = 4; lastKnownFileType = file.storyboard; path = Home.storyboard; sourceTree = "<group>"; };
		AFAD73B627AACFC80007A41A /* Categories.storyboard */ = {isa = PBXFileReference; fileEncoding = 4; lastKnownFileType = file.storyboard; path = Categories.storyboard; sourceTree = "<group>"; };
		AFAD73B827AACFF80007A41A /* Favourites.storyboard */ = {isa = PBXFileReference; fileEncoding = 4; lastKnownFileType = file.storyboard; path = Favourites.storyboard; sourceTree = "<group>"; };
		AFAD73BA27AAD02E0007A41A /* Profile.storyboard */ = {isa = PBXFileReference; fileEncoding = 4; lastKnownFileType = file.storyboard; path = Profile.storyboard; sourceTree = "<group>"; };
		AFAD9BBA27E9F1F100545DFB /* ReceipeCell.swift */ = {isa = PBXFileReference; lastKnownFileType = sourcecode.swift; path = ReceipeCell.swift; sourceTree = "<group>"; };
		AFAD9BBE27EB3D2600545DFB /* ReceipeCell.xib */ = {isa = PBXFileReference; lastKnownFileType = file.xib; path = ReceipeCell.xib; sourceTree = "<group>"; };
		AFAD9BC027EC53A500545DFB /* ShadowBoxView.swift */ = {isa = PBXFileReference; lastKnownFileType = sourcecode.swift; path = ShadowBoxView.swift; sourceTree = "<group>"; };
		AFAF8E8F27A6A42B00D104DF /* CustomColors.swift */ = {isa = PBXFileReference; lastKnownFileType = sourcecode.swift; path = CustomColors.swift; sourceTree = "<group>"; };
		AFAF8E9227A6AB5700D104DF /* LoginSignupViewController.swift */ = {isa = PBXFileReference; lastKnownFileType = sourcecode.swift; path = LoginSignupViewController.swift; sourceTree = "<group>"; };
		AFB8C6C927A90B04005757CC /* SignUpViewController.swift */ = {isa = PBXFileReference; lastKnownFileType = sourcecode.swift; path = SignUpViewController.swift; sourceTree = "<group>"; };
		EC08071E62159ADBA2903456 /* libPods-Recipe-App.a */ = {isa = PBXFileReference; explicitFileType = archive.ar; includeInIndex = 0; path = "libPods-Recipe-App.a"; sourceTree = BUILT_PRODUCTS_DIR; };
/* End PBXFileReference section */

/* Begin PBXFrameworksBuildPhase section */
		AF6A55BB27A45AD000AC3269 /* Frameworks */ = {
			isa = PBXFrameworksBuildPhase;
			buildActionMask = 2147483647;
			files = (
				C65F0DD7B12450F04FA55DB8 /* libPods-Recipe-App.a in Frameworks */,
			);
			runOnlyForDeploymentPostprocessing = 0;
		};
/* End PBXFrameworksBuildPhase section */

/* Begin PBXGroup section */
		959A73C453269B6F8B62B42E /* Frameworks */ = {
			isa = PBXGroup;
			children = (
				EC08071E62159ADBA2903456 /* libPods-Recipe-App.a */,
			);
			name = Frameworks;
			sourceTree = "<group>";
		};
		AF1DBC3627AA69A900F5C727 /* View */ = {
			isa = PBXGroup;
			children = (
				AF6A55C727A45AD000AC3269 /* Main.storyboard */,
				AF1DBC3D27AAB2EC00F5C727 /* TabBarMenu.storyboard */,
				AFAD73B427AACF9E0007A41A /* Home.storyboard */,
				AFAD73B627AACFC80007A41A /* Categories.storyboard */,
				AFAD73B827AACFF80007A41A /* Favourites.storyboard */,
				AFAD73BA27AAD02E0007A41A /* Profile.storyboard */,
			);
			path = View;
			sourceTree = "<group>";
		};
		AF1DBC3B27AA6B5900F5C727 /* Supporting Files */ = {
			isa = PBXGroup;
			children = (
				AF6A55C327A45AD000AC3269 /* SceneDelegate.swift */,
				AF6A55C127A45AD000AC3269 /* AppDelegate.swift */,
				AF6A55CC27A45AD500AC3269 /* LaunchScreen.storyboard */,
				AF6A55CA27A45AD500AC3269 /* Assets.xcassets */,
			);
			path = "Supporting Files";
			sourceTree = "<group>";
		};
		AF6A55B527A45AD000AC3269 = {
			isa = PBXGroup;
			children = (
				AF6A55C027A45AD000AC3269 /* Recipe-App */,
				AF6A55BF27A45AD000AC3269 /* Products */,
				D6C69BC69294C2CC59F878CE /* Pods */,
				959A73C453269B6F8B62B42E /* Frameworks */,
			);
			sourceTree = "<group>";
		};
		AF6A55BF27A45AD000AC3269 /* Products */ = {
			isa = PBXGroup;
			children = (
				AF6A55BE27A45AD000AC3269 /* Recipe-App.app */,
			);
			name = Products;
			sourceTree = "<group>";
		};
		AF6A55C027A45AD000AC3269 /* Recipe-App */ = {
			isa = PBXGroup;
			children = (
				AFAD9BB727E9F11200545DFB /* CustomCell */,
				AFAF8E9127A6AB0F00D104DF /* Controllers */,
				AF1DBC3627AA69A900F5C727 /* View */,
				AFAF8E8E27A6A40600D104DF /* Custom */,
				AF1DBC3B27AA6B5900F5C727 /* Supporting Files */,
				AF6A55CF27A45AD500AC3269 /* Info.plist */,
			);
			path = "Recipe-App";
			sourceTree = "<group>";
		};
		AFAD9BB727E9F11200545DFB /* CustomCell */ = {
			isa = PBXGroup;
			children = (
				AFAD9BBA27E9F1F100545DFB /* ReceipeCell.swift */,
				AFAD9BBE27EB3D2600545DFB /* ReceipeCell.xib */,
			);
			path = CustomCell;
			sourceTree = "<group>";
		};
		AFAF8E8E27A6A40600D104DF /* Custom */ = {
			isa = PBXGroup;
			children = (
				AFAF8E8F27A6A42B00D104DF /* CustomColors.swift */,
				AF0755EF27A80377003303A6 /* CustomButton.swift */,
				AF0755F127A806D3003303A6 /* CustomLabel.swift */,
				AF0755F327A80DE5003303A6 /* CustomTextfield.swift */,
				AFAD9BC027EC53A500545DFB /* ShadowBoxView.swift */,
			);
			path = Custom;
			sourceTree = "<group>";
		};
		AFAF8E9127A6AB0F00D104DF /* Controllers */ = {
			isa = PBXGroup;
			children = (
				AFAF8E9227A6AB5700D104DF /* LoginSignupViewController.swift */,
				AF0755ED27A7F6F9003303A6 /* LoginViewController.swift */,
				AFB8C6C927A90B04005757CC /* SignUpViewController.swift */,
				AF1DBC2E27AA630800F5C727 /* HomeTableViewController.swift */,
				AF1DBC3027AA637300F5C727 /* CategoryTableViewController.swift */,
				AF1DBC3227AA63E000F5C727 /* FavouriteTableViewController.swift */,
				AF1DBC3427AA640D00F5C727 /* ProfileViewController.swift */,
			);
			path = Controllers;
			sourceTree = "<group>";
		};
		D6C69BC69294C2CC59F878CE /* Pods */ = {
			isa = PBXGroup;
			children = (
				6F7FD1FF620CD6D771183E83 /* Pods-Recipe-App.debug.xcconfig */,
				53338E7FDAAAFF9412E836E3 /* Pods-Recipe-App.release.xcconfig */,
			);
			path = Pods;
			sourceTree = "<group>";
		};
/* End PBXGroup section */

/* Begin PBXNativeTarget section */
		AF6A55BD27A45AD000AC3269 /* Recipe-App */ = {
			isa = PBXNativeTarget;
			buildConfigurationList = AF6A55D227A45AD500AC3269 /* Build configuration list for PBXNativeTarget "Recipe-App" */;
			buildPhases = (
				8A6E862F868799B226D3FDB9 /* [CP] Check Pods Manifest.lock */,
				AF6A55BA27A45AD000AC3269 /* Sources */,
				AF6A55BB27A45AD000AC3269 /* Frameworks */,
				AF6A55BC27A45AD000AC3269 /* Resources */,
			);
			buildRules = (
			);
			dependencies = (
			);
			name = "Recipe-App";
			productName = "Recipe-App";
			productReference = AF6A55BE27A45AD000AC3269 /* Recipe-App.app */;
			productType = "com.apple.product-type.application";
		};
/* End PBXNativeTarget section */

/* Begin PBXProject section */
		AF6A55B627A45AD000AC3269 /* Project object */ = {
			isa = PBXProject;
			attributes = {
				BuildIndependentTargetsInParallel = 1;
				LastSwiftUpdateCheck = 1300;
				LastUpgradeCheck = 1300;
				TargetAttributes = {
					AF6A55BD27A45AD000AC3269 = {
						CreatedOnToolsVersion = 13.0;
					};
				};
			};
			buildConfigurationList = AF6A55B927A45AD000AC3269 /* Build configuration list for PBXProject "Recipe-App" */;
			compatibilityVersion = "Xcode 13.0";
			developmentRegion = en;
			hasScannedForEncodings = 0;
			knownRegions = (
				en,
				Base,
			);
			mainGroup = AF6A55B527A45AD000AC3269;
			productRefGroup = AF6A55BF27A45AD000AC3269 /* Products */;
			projectDirPath = "";
			projectRoot = "";
			targets = (
				AF6A55BD27A45AD000AC3269 /* Recipe-App */,
			);
		};
/* End PBXProject section */

/* Begin PBXResourcesBuildPhase section */
		AF6A55BC27A45AD000AC3269 /* Resources */ = {
			isa = PBXResourcesBuildPhase;
			buildActionMask = 2147483647;
			files = (
				AF6A55CE27A45AD500AC3269 /* LaunchScreen.storyboard in Resources */,
				AFAD73B527AACF9E0007A41A /* Home.storyboard in Resources */,
				AFAD73BB27AAD02E0007A41A /* Profile.storyboard in Resources */,
				AF1DBC3E27AAB2EC00F5C727 /* TabBarMenu.storyboard in Resources */,
				AFAD73B927AACFF80007A41A /* Favourites.storyboard in Resources */,
				AF6A55CB27A45AD500AC3269 /* Assets.xcassets in Resources */,
				AFAD9BBF27EB3D2600545DFB /* ReceipeCell.xib in Resources */,
				AFAD73B727AACFC80007A41A /* Categories.storyboard in Resources */,
				AF6A55C927A45AD000AC3269 /* Main.storyboard in Resources */,
			);
			runOnlyForDeploymentPostprocessing = 0;
		};
/* End PBXResourcesBuildPhase section */

/* Begin PBXShellScriptBuildPhase section */
		8A6E862F868799B226D3FDB9 /* [CP] Check Pods Manifest.lock */ = {
			isa = PBXShellScriptBuildPhase;
			buildActionMask = 2147483647;
			files = (
			);
			inputFileListPaths = (
			);
			inputPaths = (
				"${PODS_PODFILE_DIR_PATH}/Podfile.lock",
				"${PODS_ROOT}/Manifest.lock",
			);
			name = "[CP] Check Pods Manifest.lock";
			outputFileListPaths = (
			);
			outputPaths = (
				"$(DERIVED_FILE_DIR)/Pods-Recipe-App-checkManifestLockResult.txt",
			);
			runOnlyForDeploymentPostprocessing = 0;
			shellPath = /bin/sh;
			shellScript = "diff \"${PODS_PODFILE_DIR_PATH}/Podfile.lock\" \"${PODS_ROOT}/Manifest.lock\" > /dev/null\nif [ $? != 0 ] ; then\n    # print error to STDERR\n    echo \"error: The sandbox is not in sync with the Podfile.lock. Run 'pod install' or update your CocoaPods installation.\" >&2\n    exit 1\nfi\n# This output is used by Xcode 'outputs' to avoid re-running this script phase.\necho \"SUCCESS\" > \"${SCRIPT_OUTPUT_FILE_0}\"\n";
			showEnvVarsInLog = 0;
		};
/* End PBXShellScriptBuildPhase section */

/* Begin PBXSourcesBuildPhase section */
		AF6A55BA27A45AD000AC3269 /* Sources */ = {
			isa = PBXSourcesBuildPhase;
			buildActionMask = 2147483647;
			files = (
				AF0755EE27A7F6F9003303A6 /* LoginViewController.swift in Sources */,
				AF1DBC3327AA63E000F5C727 /* FavouriteTableViewController.swift in Sources */,
				AFAF8E9327A6AB5700D104DF /* LoginSignupViewController.swift in Sources */,
				AF6A55C227A45AD000AC3269 /* AppDelegate.swift in Sources */,
				AF0755F027A80377003303A6 /* CustomButton.swift in Sources */,
				AF1DBC3127AA637300F5C727 /* CategoryTableViewController.swift in Sources */,
				AF1DBC2F27AA630800F5C727 /* HomeTableViewController.swift in Sources */,
				AF0755F427A80DE5003303A6 /* CustomTextfield.swift in Sources */,
				AFAF8E9027A6A42B00D104DF /* CustomColors.swift in Sources */,
				AFAD9BBB27E9F1F100545DFB /* ReceipeCell.swift in Sources */,
				AFB8C6CA27A90B04005757CC /* SignUpViewController.swift in Sources */,
				AF1DBC3527AA640D00F5C727 /* ProfileViewController.swift in Sources */,
				AF6A55C427A45AD000AC3269 /* SceneDelegate.swift in Sources */,
				AF0755F227A806D3003303A6 /* CustomLabel.swift in Sources */,
				AFAD9BC127EC53A500545DFB /* ShadowBoxView.swift in Sources */,
			);
			runOnlyForDeploymentPostprocessing = 0;
		};
/* End PBXSourcesBuildPhase section */

/* Begin PBXVariantGroup section */
		AF6A55C727A45AD000AC3269 /* Main.storyboard */ = {
			isa = PBXVariantGroup;
			children = (
				AF6A55C827A45AD000AC3269 /* Base */,
			);
			name = Main.storyboard;
			sourceTree = "<group>";
		};
		AF6A55CC27A45AD500AC3269 /* LaunchScreen.storyboard */ = {
			isa = PBXVariantGroup;
			children = (
				AF6A55CD27A45AD500AC3269 /* Base */,
			);
			name = LaunchScreen.storyboard;
			sourceTree = "<group>";
		};
/* End PBXVariantGroup section */

/* Begin XCBuildConfiguration section */
		AF6A55D027A45AD500AC3269 /* Debug */ = {
			isa = XCBuildConfiguration;
			buildSettings = {
				ALWAYS_SEARCH_USER_PATHS = NO;
				CLANG_ANALYZER_NONNULL = YES;
				CLANG_ANALYZER_NUMBER_OBJECT_CONVERSION = YES_AGGRESSIVE;
				CLANG_CXX_LANGUAGE_STANDARD = "gnu++17";
				CLANG_CXX_LIBRARY = "libc++";
				CLANG_ENABLE_MODULES = YES;
				CLANG_ENABLE_OBJC_ARC = YES;
				CLANG_ENABLE_OBJC_WEAK = YES;
				CLANG_WARN_BLOCK_CAPTURE_AUTORELEASING = YES;
				CLANG_WARN_BOOL_CONVERSION = YES;
				CLANG_WARN_COMMA = YES;
				CLANG_WARN_CONSTANT_CONVERSION = YES;
				CLANG_WARN_DEPRECATED_OBJC_IMPLEMENTATIONS = YES;
				CLANG_WARN_DIRECT_OBJC_ISA_USAGE = YES_ERROR;
				CLANG_WARN_DOCUMENTATION_COMMENTS = YES;
				CLANG_WARN_EMPTY_BODY = YES;
				CLANG_WARN_ENUM_CONVERSION = YES;
				CLANG_WARN_INFINITE_RECURSION = YES;
				CLANG_WARN_INT_CONVERSION = YES;
				CLANG_WARN_NON_LITERAL_NULL_CONVERSION = YES;
				CLANG_WARN_OBJC_IMPLICIT_RETAIN_SELF = YES;
				CLANG_WARN_OBJC_LITERAL_CONVERSION = YES;
				CLANG_WARN_OBJC_ROOT_CLASS = YES_ERROR;
				CLANG_WARN_QUOTED_INCLUDE_IN_FRAMEWORK_HEADER = YES;
				CLANG_WARN_RANGE_LOOP_ANALYSIS = YES;
				CLANG_WARN_STRICT_PROTOTYPES = YES;
				CLANG_WARN_SUSPICIOUS_MOVE = YES;
				CLANG_WARN_UNGUARDED_AVAILABILITY = YES_AGGRESSIVE;
				CLANG_WARN_UNREACHABLE_CODE = YES;
				CLANG_WARN__DUPLICATE_METHOD_MATCH = YES;
				COPY_PHASE_STRIP = NO;
				DEBUG_INFORMATION_FORMAT = dwarf;
				ENABLE_STRICT_OBJC_MSGSEND = YES;
				ENABLE_TESTABILITY = YES;
				GCC_C_LANGUAGE_STANDARD = gnu11;
				GCC_DYNAMIC_NO_PIC = NO;
				GCC_NO_COMMON_BLOCKS = YES;
				GCC_OPTIMIZATION_LEVEL = 0;
				GCC_PREPROCESSOR_DEFINITIONS = (
					"DEBUG=1",
					"$(inherited)",
				);
				GCC_WARN_64_TO_32_BIT_CONVERSION = YES;
				GCC_WARN_ABOUT_RETURN_TYPE = YES_ERROR;
				GCC_WARN_UNDECLARED_SELECTOR = YES;
				GCC_WARN_UNINITIALIZED_AUTOS = YES_AGGRESSIVE;
				GCC_WARN_UNUSED_FUNCTION = YES;
				GCC_WARN_UNUSED_VARIABLE = YES;
				IPHONEOS_DEPLOYMENT_TARGET = 15.0;
				MTL_ENABLE_DEBUG_INFO = INCLUDE_SOURCE;
				MTL_FAST_MATH = YES;
				ONLY_ACTIVE_ARCH = YES;
				SDKROOT = iphoneos;
				SWIFT_ACTIVE_COMPILATION_CONDITIONS = DEBUG;
				SWIFT_OPTIMIZATION_LEVEL = "-Onone";
			};
			name = Debug;
		};
		AF6A55D127A45AD500AC3269 /* Release */ = {
			isa = XCBuildConfiguration;
			buildSettings = {
				ALWAYS_SEARCH_USER_PATHS = NO;
				CLANG_ANALYZER_NONNULL = YES;
				CLANG_ANALYZER_NUMBER_OBJECT_CONVERSION = YES_AGGRESSIVE;
				CLANG_CXX_LANGUAGE_STANDARD = "gnu++17";
				CLANG_CXX_LIBRARY = "libc++";
				CLANG_ENABLE_MODULES = YES;
				CLANG_ENABLE_OBJC_ARC = YES;
				CLANG_ENABLE_OBJC_WEAK = YES;
				CLANG_WARN_BLOCK_CAPTURE_AUTORELEASING = YES;
				CLANG_WARN_BOOL_CONVERSION = YES;
				CLANG_WARN_COMMA = YES;
				CLANG_WARN_CONSTANT_CONVERSION = YES;
				CLANG_WARN_DEPRECATED_OBJC_IMPLEMENTATIONS = YES;
				CLANG_WARN_DIRECT_OBJC_ISA_USAGE = YES_ERROR;
				CLANG_WARN_DOCUMENTATION_COMMENTS = YES;
				CLANG_WARN_EMPTY_BODY = YES;
				CLANG_WARN_ENUM_CONVERSION = YES;
				CLANG_WARN_INFINITE_RECURSION = YES;
				CLANG_WARN_INT_CONVERSION = YES;
				CLANG_WARN_NON_LITERAL_NULL_CONVERSION = YES;
				CLANG_WARN_OBJC_IMPLICIT_RETAIN_SELF = YES;
				CLANG_WARN_OBJC_LITERAL_CONVERSION = YES;
				CLANG_WARN_OBJC_ROOT_CLASS = YES_ERROR;
				CLANG_WARN_QUOTED_INCLUDE_IN_FRAMEWORK_HEADER = YES;
				CLANG_WARN_RANGE_LOOP_ANALYSIS = YES;
				CLANG_WARN_STRICT_PROTOTYPES = YES;
				CLANG_WARN_SUSPICIOUS_MOVE = YES;
				CLANG_WARN_UNGUARDED_AVAILABILITY = YES_AGGRESSIVE;
				CLANG_WARN_UNREACHABLE_CODE = YES;
				CLANG_WARN__DUPLICATE_METHOD_MATCH = YES;
				COPY_PHASE_STRIP = NO;
				DEBUG_INFORMATION_FORMAT = "dwarf-with-dsym";
				ENABLE_NS_ASSERTIONS = NO;
				ENABLE_STRICT_OBJC_MSGSEND = YES;
				GCC_C_LANGUAGE_STANDARD = gnu11;
				GCC_NO_COMMON_BLOCKS = YES;
				GCC_WARN_64_TO_32_BIT_CONVERSION = YES;
				GCC_WARN_ABOUT_RETURN_TYPE = YES_ERROR;
				GCC_WARN_UNDECLARED_SELECTOR = YES;
				GCC_WARN_UNINITIALIZED_AUTOS = YES_AGGRESSIVE;
				GCC_WARN_UNUSED_FUNCTION = YES;
				GCC_WARN_UNUSED_VARIABLE = YES;
				IPHONEOS_DEPLOYMENT_TARGET = 15.0;
				MTL_ENABLE_DEBUG_INFO = NO;
				MTL_FAST_MATH = YES;
				SDKROOT = iphoneos;
				SWIFT_COMPILATION_MODE = wholemodule;
				SWIFT_OPTIMIZATION_LEVEL = "-O";
				VALIDATE_PRODUCT = YES;
			};
			name = Release;
		};
		AF6A55D327A45AD500AC3269 /* Debug */ = {
			isa = XCBuildConfiguration;
			baseConfigurationReference = 6F7FD1FF620CD6D771183E83 /* Pods-Recipe-App.debug.xcconfig */;
			buildSettings = {
				ASSETCATALOG_COMPILER_APPICON_NAME = AppIcon;
				ASSETCATALOG_COMPILER_GLOBAL_ACCENT_COLOR_NAME = AccentColor;
				CODE_SIGN_STYLE = Automatic;
				CURRENT_PROJECT_VERSION = 1;
				DEVELOPMENT_TEAM = WBND8H9MX8;
				GENERATE_INFOPLIST_FILE = YES;
				INFOPLIST_FILE = "Recipe-App/Info.plist";
				INFOPLIST_KEY_UIApplicationSupportsIndirectInputEvents = YES;
				INFOPLIST_KEY_UILaunchStoryboardName = LaunchScreen;
				INFOPLIST_KEY_UIMainStoryboardFile = Main;
				INFOPLIST_KEY_UISupportedInterfaceOrientations_iPad = "UIInterfaceOrientationPortrait UIInterfaceOrientationPortraitUpsideDown UIInterfaceOrientationLandscapeLeft UIInterfaceOrientationLandscapeRight";
				INFOPLIST_KEY_UISupportedInterfaceOrientations_iPhone = "UIInterfaceOrientationPortrait UIInterfaceOrientationLandscapeLeft UIInterfaceOrientationLandscapeRight";
				LD_RUNPATH_SEARCH_PATHS = (
					"$(inherited)",
					"@executable_path/Frameworks",
				);
				MARKETING_VERSION = 1.0;
				PRODUCT_BUNDLE_IDENTIFIER = "com.ansa.Recipe-App";
				PRODUCT_NAME = "$(TARGET_NAME)";
				SWIFT_EMIT_LOC_STRINGS = YES;
				SWIFT_VERSION = 5.0;
				TARGETED_DEVICE_FAMILY = "1,2";
			};
			name = Debug;
		};
		AF6A55D427A45AD500AC3269 /* Release */ = {
			isa = XCBuildConfiguration;
			baseConfigurationReference = 53338E7FDAAAFF9412E836E3 /* Pods-Recipe-App.release.xcconfig */;
			buildSettings = {
				ASSETCATALOG_COMPILER_APPICON_NAME = AppIcon;
				ASSETCATALOG_COMPILER_GLOBAL_ACCENT_COLOR_NAME = AccentColor;
				CODE_SIGN_STYLE = Automatic;
				CURRENT_PROJECT_VERSION = 1;
				DEVELOPMENT_TEAM = WBND8H9MX8;
				GENERATE_INFOPLIST_FILE = YES;
				INFOPLIST_FILE = "Recipe-App/Info.plist";
				INFOPLIST_KEY_UIApplicationSupportsIndirectInputEvents = YES;
				INFOPLIST_KEY_UILaunchStoryboardName = LaunchScreen;
				INFOPLIST_KEY_UIMainStoryboardFile = Main;
				INFOPLIST_KEY_UISupportedInterfaceOrientations_iPad = "UIInterfaceOrientationPortrait UIInterfaceOrientationPortraitUpsideDown UIInterfaceOrientationLandscapeLeft UIInterfaceOrientationLandscapeRight";
				INFOPLIST_KEY_UISupportedInterfaceOrientations_iPhone = "UIInterfaceOrientationPortrait UIInterfaceOrientationLandscapeLeft UIInterfaceOrientationLandscapeRight";
				LD_RUNPATH_SEARCH_PATHS = (
					"$(inherited)",
					"@executable_path/Frameworks",
				);
				MARKETING_VERSION = 1.0;
				PRODUCT_BUNDLE_IDENTIFIER = "com.ansa.Recipe-App";
				PRODUCT_NAME = "$(TARGET_NAME)";
				SWIFT_EMIT_LOC_STRINGS = YES;
				SWIFT_VERSION = 5.0;
				TARGETED_DEVICE_FAMILY = "1,2";
			};
			name = Release;
		};
/* End XCBuildConfiguration section */

/* Begin XCConfigurationList section */
		AF6A55B927A45AD000AC3269 /* Build configuration list for PBXProject "Recipe-App" */ = {
			isa = XCConfigurationList;
			buildConfigurations = (
				AF6A55D027A45AD500AC3269 /* Debug */,
				AF6A55D127A45AD500AC3269 /* Release */,
			);
			defaultConfigurationIsVisible = 0;
			defaultConfigurationName = Release;
		};
		AF6A55D227A45AD500AC3269 /* Build configuration list for PBXNativeTarget "Recipe-App" */ = {
			isa = XCConfigurationList;
			buildConfigurations = (
				AF6A55D327A45AD500AC3269 /* Debug */,
				AF6A55D427A45AD500AC3269 /* Release */,
			);
			defaultConfigurationIsVisible = 0;
			defaultConfigurationName = Release;
		};
/* End XCConfigurationList section */
	};
	rootObject = AF6A55B627A45AD000AC3269 /* Project object */;
}
